
Microsoft Visual Studio Solution File, Format Version 12.00
# Visual Studio Version 17
VisualStudioVersion = 17.7.34202.233
MinimumVisualStudioVersion = 10.0.40219.1
Project("{9A19103F-16F7-4668-BE54-9A1E7A4F7556}") = "CountryApi", "CountryApi\CountryApi.csproj", "{B3948EFB-169A-4F05-9671-2F3502EB7661}"
EndProject
Project("{FAE04EC0-301F-11D3-BF4B-00C04F79EFBC}") = "CountryApiTest", "CountryApiTest\CountryApiTest.csproj", "{5F46F814-F798-466C-839E-D92126FF78ED}"
EndProject
Global
	GlobalSection(SolutionConfigurationPlatforms) = preSolution
		Debug|Any CPU = Debug|Any CPU
		Release|Any CPU = Release|Any CPU
	EndGlobalSection
	GlobalSection(ProjectConfigurationPlatforms) = postSolution
		{B3948EFB-169A-4F05-9671-2F3502EB7661}.Debug|Any CPU.ActiveCfg = Debug|Any CPU
		{B3948EFB-169A-4F05-9671-2F3502EB7661}.Debug|Any CPU.Build.0 = Debug|Any CPU
		{B3948EFB-169A-4F05-9671-2F3502EB7661}.Release|Any CPU.ActiveCfg = Release|Any CPU
		{B3948EFB-169A-4F05-9671-2F3502EB7661}.Release|Any CPU.Build.0 = Release|Any CPU
		{5F46F814-F798-466C-839E-D92126FF78ED}.Debug|Any CPU.ActiveCfg = Debug|Any CPU
		{5F46F814-F798-466C-839E-D92126FF78ED}.Debug|Any CPU.Build.0 = Debug|Any CPU
		{5F46F814-F798-466C-839E-D92126FF78ED}.Release|Any CPU.ActiveCfg = Release|Any CPU
		{5F46F814-F798-466C-839E-D92126FF78ED}.Release|Any CPU.Build.0 = Release|Any CPU
	EndGlobalSection
	GlobalSection(SolutionProperties) = preSolution
		HideSolutionNode = FALSE
	EndGlobalSection
	GlobalSection(ExtensibilityGlobals) = postSolution
		SolutionGuid = {BCAB6D3C-F1C0-4F7B-BBDF-DE2AC0F660DA}
	EndGlobalSection
EndGlobal
